
Microsoft Visual Studio Solution File, Format Version 12.00
# Visual Studio 2013
VisualStudioVersion = 12.0.30723.0
MinimumVisualStudioVersion = 10.0.40219.1
Project("{FAE04EC0-301F-11D3-BF4B-00C04F79EFBC}") = "WinHAB.Desktop", "WinHAB.Desktop\WinHAB.Desktop.csproj", "{56DF242C-2133-4B4B-BF46-11E6E712AF62}"
EndProject
Project("{FAE04EC0-301F-11D3-BF4B-00C04F79EFBC}") = "WinHAB.Core", "WinHAB.Core\WinHAB.Core.csproj", "{0E01F4B2-4524-4286-92D5-190BB7EE5CF8}"
EndProject
Project("{FAE04EC0-301F-11D3-BF4B-00C04F79EFBC}") = "WinHAB.Tests", "WinHAB.Tests\WinHAB.Tests.csproj", "{8F66C63E-A1B6-4C77-8EEF-D39848038B7E}"
EndProject
Global
	GlobalSection(SolutionConfigurationPlatforms) = preSolution
		Debug|Any CPU = Debug|Any CPU
		Debug|ARM = Debug|ARM
		Debug|x64 = Debug|x64
		Debug|x86 = Debug|x86
		Release|Any CPU = Release|Any CPU
		Release|ARM = Release|ARM
		Release|x64 = Release|x64
		Release|x86 = Release|x86
	EndGlobalSection
	GlobalSection(ProjectConfigurationPlatforms) = postSolution
		{56DF242C-2133-4B4B-BF46-11E6E712AF62}.Debug|Any CPU.ActiveCfg = Debug|Any CPU
		{56DF242C-2133-4B4B-BF46-11E6E712AF62}.Debug|Any CPU.Build.0 = Debug|Any CPU
		{56DF242C-2133-4B4B-BF46-11E6E712AF62}.Debug|ARM.ActiveCfg = Debug|Any CPU
		{56DF242C-2133-4B4B-BF46-11E6E712AF62}.Debug|x64.ActiveCfg = Debug|Any CPU
		{56DF242C-2133-4B4B-BF46-11E6E712AF62}.Debug|x86.ActiveCfg = Debug|Any CPU
		{56DF242C-2133-4B4B-BF46-11E6E712AF62}.Release|Any CPU.ActiveCfg = Release|Any CPU
		{56DF242C-2133-4B4B-BF46-11E6E712AF62}.Release|Any CPU.Build.0 = Release|Any CPU
		{56DF242C-2133-4B4B-BF46-11E6E712AF62}.Release|ARM.ActiveCfg = Release|Any CPU
		{56DF242C-2133-4B4B-BF46-11E6E712AF62}.Release|x64.ActiveCfg = Release|Any CPU
		{56DF242C-2133-4B4B-BF46-11E6E712AF62}.Release|x86.ActiveCfg = Release|Any CPU
		{0E01F4B2-4524-4286-92D5-190BB7EE5CF8}.Debug|Any CPU.ActiveCfg = Debug|Any CPU
		{0E01F4B2-4524-4286-92D5-190BB7EE5CF8}.Debug|Any CPU.Build.0 = Debug|Any CPU
		{0E01F4B2-4524-4286-92D5-190BB7EE5CF8}.Debug|ARM.ActiveCfg = Debug|Any CPU
		{0E01F4B2-4524-4286-92D5-190BB7EE5CF8}.Debug|x64.ActiveCfg = Debug|Any CPU
		{0E01F4B2-4524-4286-92D5-190BB7EE5CF8}.Debug|x86.ActiveCfg = Debug|Any CPU
		{0E01F4B2-4524-4286-92D5-190BB7EE5CF8}.Release|Any CPU.ActiveCfg = Release|Any CPU
		{0E01F4B2-4524-4286-92D5-190BB7EE5CF8}.Release|Any CPU.Build.0 = Release|Any CPU
		{0E01F4B2-4524-4286-92D5-190BB7EE5CF8}.Release|ARM.ActiveCfg = Release|Any CPU
		{0E01F4B2-4524-4286-92D5-190BB7EE5CF8}.Release|x64.ActiveCfg = Release|Any CPU
		{0E01F4B2-4524-4286-92D5-190BB7EE5CF8}.Release|x86.ActiveCfg = Release|Any CPU
		{8F66C63E-A1B6-4C77-8EEF-D39848038B7E}.Debug|Any CPU.ActiveCfg = Debug|Any CPU
		{8F66C63E-A1B6-4C77-8EEF-D39848038B7E}.Debug|Any CPU.Build.0 = Debug|Any CPU
		{8F66C63E-A1B6-4C77-8EEF-D39848038B7E}.Debug|ARM.ActiveCfg = Debug|Any CPU
		{8F66C63E-A1B6-4C77-8EEF-D39848038B7E}.Debug|x64.ActiveCfg = Debug|Any CPU
		{8F66C63E-A1B6-4C77-8EEF-D39848038B7E}.Debug|x86.ActiveCfg = Debug|Any CPU
		{8F66C63E-A1B6-4C77-8EEF-D39848038B7E}.Release|Any CPU.ActiveCfg = Release|Any CPU
		{8F66C63E-A1B6-4C77-8EEF-D39848038B7E}.Release|Any CPU.Build.0 = Release|Any CPU
		{8F66C63E-A1B6-4C77-8EEF-D39848038B7E}.Release|ARM.ActiveCfg = Release|Any CPU
		{8F66C63E-A1B6-4C77-8EEF-D39848038B7E}.Release|x64.ActiveCfg = Release|Any CPU
		{8F66C63E-A1B6-4C77-8EEF-D39848038B7E}.Release|x86.ActiveCfg = Release|Any CPU
	EndGlobalSection
	GlobalSection(SolutionProperties) = preSolution
		HideSolutionNode = FALSE
	EndGlobalSection
EndGlobal
