
Microsoft Visual Studio Solution File, Format Version 12.00
# Visual Studio 2013
VisualStudioVersion = 12.0.30723.0
MinimumVisualStudioVersion = 10.0.40219.1
Project("{FAE04EC0-301F-11D3-BF4B-00C04F79EFBC}") = "WinHAB.Desktop", "WinHAB.Desktop\WinHAB.Desktop.csproj", "{56DF242C-2133-4B4B-BF46-11E6E712AF62}"
EndProject
Global
	GlobalSection(SolutionConfigurationPlatforms) = preSolution
		Debug|Any CPU = Debug|Any CPU
		Release|Any CPU = Release|Any CPU
	EndGlobalSection
	GlobalSection(ProjectConfigurationPlatforms) = postSolution
		{56DF242C-2133-4B4B-BF46-11E6E712AF62}.Debug|Any CPU.ActiveCfg = Debug|Any CPU
		{56DF242C-2133-4B4B-BF46-11E6E712AF62}.Debug|Any CPU.Build.0 = Debug|Any CPU
		{56DF242C-2133-4B4B-BF46-11E6E712AF62}.Release|Any CPU.ActiveCfg = Release|Any CPU
		{56DF242C-2133-4B4B-BF46-11E6E712AF62}.Release|Any CPU.Build.0 = Release|Any CPU
	EndGlobalSection
	GlobalSection(SolutionProperties) = preSolution
		HideSolutionNode = FALSE
	EndGlobalSection
EndGlobal
