
Microsoft Visual Studio Solution File, Format Version 12.00
# Visual Studio 2013
VisualStudioVersion = 12.0.30723.0
MinimumVisualStudioVersion = 10.0.40219.1
Project("{FAE04EC0-301F-11D3-BF4B-00C04F79EFBC}") = "WinHAB.Desktop", "WinHAB.Desktop\WinHAB.Desktop.csproj", "{56DF242C-2133-4B4B-BF46-11E6E712AF62}"
EndProject
Project("{FAE04EC0-301F-11D3-BF4B-00C04F79EFBC}") = "WinHAB.Core", "WinHAB.Core\WinHAB.Core.csproj", "{0E01F4B2-4524-4286-92D5-190BB7EE5CF8}"
EndProject
Project("{FAE04EC0-301F-11D3-BF4B-00C04F79EFBC}") = "WinHAB.Core.Windows", "WinHAB.Core.Windows\WinHAB.Core.Windows.csproj", "{6BA3C72B-AD40-4E10-A8BA-56304E578B18}"
EndProject
Project("{FAE04EC0-301F-11D3-BF4B-00C04F79EFBC}") = "WinHAB.Windows", "WinHAB.Windows\WinHAB.Windows.csproj", "{18F4ED21-151E-4B6F-973C-E5EDDA4724B4}"
EndProject
Project("{FAE04EC0-301F-11D3-BF4B-00C04F79EFBC}") = "WinHAB.WIndowsPhone", "WinHAB.WIndowsPhone\WinHAB.WIndowsPhone.csproj", "{888282CA-62BF-4252-9E1F-D5743485E0B7}"
EndProject
Global
	GlobalSection(SolutionConfigurationPlatforms) = preSolution
		Debug|Any CPU = Debug|Any CPU
		Debug|ARM = Debug|ARM
		Debug|x64 = Debug|x64
		Debug|x86 = Debug|x86
		Release|Any CPU = Release|Any CPU
		Release|ARM = Release|ARM
		Release|x64 = Release|x64
		Release|x86 = Release|x86
	EndGlobalSection
	GlobalSection(ProjectConfigurationPlatforms) = postSolution
		{56DF242C-2133-4B4B-BF46-11E6E712AF62}.Debug|Any CPU.ActiveCfg = Debug|Any CPU
		{56DF242C-2133-4B4B-BF46-11E6E712AF62}.Debug|Any CPU.Build.0 = Debug|Any CPU
		{56DF242C-2133-4B4B-BF46-11E6E712AF62}.Debug|ARM.ActiveCfg = Debug|Any CPU
		{56DF242C-2133-4B4B-BF46-11E6E712AF62}.Debug|x64.ActiveCfg = Debug|Any CPU
		{56DF242C-2133-4B4B-BF46-11E6E712AF62}.Debug|x86.ActiveCfg = Debug|Any CPU
		{56DF242C-2133-4B4B-BF46-11E6E712AF62}.Release|Any CPU.ActiveCfg = Release|Any CPU
		{56DF242C-2133-4B4B-BF46-11E6E712AF62}.Release|Any CPU.Build.0 = Release|Any CPU
		{56DF242C-2133-4B4B-BF46-11E6E712AF62}.Release|ARM.ActiveCfg = Release|Any CPU
		{56DF242C-2133-4B4B-BF46-11E6E712AF62}.Release|x64.ActiveCfg = Release|Any CPU
		{56DF242C-2133-4B4B-BF46-11E6E712AF62}.Release|x86.ActiveCfg = Release|Any CPU
		{0E01F4B2-4524-4286-92D5-190BB7EE5CF8}.Debug|Any CPU.ActiveCfg = Debug|Any CPU
		{0E01F4B2-4524-4286-92D5-190BB7EE5CF8}.Debug|Any CPU.Build.0 = Debug|Any CPU
		{0E01F4B2-4524-4286-92D5-190BB7EE5CF8}.Debug|ARM.ActiveCfg = Debug|Any CPU
		{0E01F4B2-4524-4286-92D5-190BB7EE5CF8}.Debug|x64.ActiveCfg = Debug|Any CPU
		{0E01F4B2-4524-4286-92D5-190BB7EE5CF8}.Debug|x86.ActiveCfg = Debug|Any CPU
		{0E01F4B2-4524-4286-92D5-190BB7EE5CF8}.Release|Any CPU.ActiveCfg = Release|Any CPU
		{0E01F4B2-4524-4286-92D5-190BB7EE5CF8}.Release|Any CPU.Build.0 = Release|Any CPU
		{0E01F4B2-4524-4286-92D5-190BB7EE5CF8}.Release|ARM.ActiveCfg = Release|Any CPU
		{0E01F4B2-4524-4286-92D5-190BB7EE5CF8}.Release|x64.ActiveCfg = Release|Any CPU
		{0E01F4B2-4524-4286-92D5-190BB7EE5CF8}.Release|x86.ActiveCfg = Release|Any CPU
		{6BA3C72B-AD40-4E10-A8BA-56304E578B18}.Debug|Any CPU.ActiveCfg = Debug|Any CPU
		{6BA3C72B-AD40-4E10-A8BA-56304E578B18}.Debug|Any CPU.Build.0 = Debug|Any CPU
		{6BA3C72B-AD40-4E10-A8BA-56304E578B18}.Debug|ARM.ActiveCfg = Debug|Any CPU
		{6BA3C72B-AD40-4E10-A8BA-56304E578B18}.Debug|x64.ActiveCfg = Debug|Any CPU
		{6BA3C72B-AD40-4E10-A8BA-56304E578B18}.Debug|x86.ActiveCfg = Debug|Any CPU
		{6BA3C72B-AD40-4E10-A8BA-56304E578B18}.Release|Any CPU.ActiveCfg = Release|Any CPU
		{6BA3C72B-AD40-4E10-A8BA-56304E578B18}.Release|Any CPU.Build.0 = Release|Any CPU
		{6BA3C72B-AD40-4E10-A8BA-56304E578B18}.Release|ARM.ActiveCfg = Release|Any CPU
		{6BA3C72B-AD40-4E10-A8BA-56304E578B18}.Release|x64.ActiveCfg = Release|Any CPU
		{6BA3C72B-AD40-4E10-A8BA-56304E578B18}.Release|x86.ActiveCfg = Release|Any CPU
		{18F4ED21-151E-4B6F-973C-E5EDDA4724B4}.Debug|Any CPU.ActiveCfg = Debug|Any CPU
		{18F4ED21-151E-4B6F-973C-E5EDDA4724B4}.Debug|Any CPU.Build.0 = Debug|Any CPU
		{18F4ED21-151E-4B6F-973C-E5EDDA4724B4}.Debug|Any CPU.Deploy.0 = Debug|Any CPU
		{18F4ED21-151E-4B6F-973C-E5EDDA4724B4}.Debug|ARM.ActiveCfg = Debug|ARM
		{18F4ED21-151E-4B6F-973C-E5EDDA4724B4}.Debug|ARM.Build.0 = Debug|ARM
		{18F4ED21-151E-4B6F-973C-E5EDDA4724B4}.Debug|ARM.Deploy.0 = Debug|ARM
		{18F4ED21-151E-4B6F-973C-E5EDDA4724B4}.Debug|x64.ActiveCfg = Debug|x64
		{18F4ED21-151E-4B6F-973C-E5EDDA4724B4}.Debug|x64.Build.0 = Debug|x64
		{18F4ED21-151E-4B6F-973C-E5EDDA4724B4}.Debug|x64.Deploy.0 = Debug|x64
		{18F4ED21-151E-4B6F-973C-E5EDDA4724B4}.Debug|x86.ActiveCfg = Debug|x86
		{18F4ED21-151E-4B6F-973C-E5EDDA4724B4}.Debug|x86.Build.0 = Debug|x86
		{18F4ED21-151E-4B6F-973C-E5EDDA4724B4}.Debug|x86.Deploy.0 = Debug|x86
		{18F4ED21-151E-4B6F-973C-E5EDDA4724B4}.Release|Any CPU.ActiveCfg = Release|Any CPU
		{18F4ED21-151E-4B6F-973C-E5EDDA4724B4}.Release|Any CPU.Build.0 = Release|Any CPU
		{18F4ED21-151E-4B6F-973C-E5EDDA4724B4}.Release|Any CPU.Deploy.0 = Release|Any CPU
		{18F4ED21-151E-4B6F-973C-E5EDDA4724B4}.Release|ARM.ActiveCfg = Release|ARM
		{18F4ED21-151E-4B6F-973C-E5EDDA4724B4}.Release|ARM.Build.0 = Release|ARM
		{18F4ED21-151E-4B6F-973C-E5EDDA4724B4}.Release|ARM.Deploy.0 = Release|ARM
		{18F4ED21-151E-4B6F-973C-E5EDDA4724B4}.Release|x64.ActiveCfg = Release|x64
		{18F4ED21-151E-4B6F-973C-E5EDDA4724B4}.Release|x64.Build.0 = Release|x64
		{18F4ED21-151E-4B6F-973C-E5EDDA4724B4}.Release|x64.Deploy.0 = Release|x64
		{18F4ED21-151E-4B6F-973C-E5EDDA4724B4}.Release|x86.ActiveCfg = Release|x86
		{18F4ED21-151E-4B6F-973C-E5EDDA4724B4}.Release|x86.Build.0 = Release|x86
		{18F4ED21-151E-4B6F-973C-E5EDDA4724B4}.Release|x86.Deploy.0 = Release|x86
		{888282CA-62BF-4252-9E1F-D5743485E0B7}.Debug|Any CPU.ActiveCfg = Debug|Any CPU
		{888282CA-62BF-4252-9E1F-D5743485E0B7}.Debug|Any CPU.Build.0 = Debug|Any CPU
		{888282CA-62BF-4252-9E1F-D5743485E0B7}.Debug|Any CPU.Deploy.0 = Debug|Any CPU
		{888282CA-62BF-4252-9E1F-D5743485E0B7}.Debug|ARM.ActiveCfg = Debug|ARM
		{888282CA-62BF-4252-9E1F-D5743485E0B7}.Debug|ARM.Build.0 = Debug|ARM
		{888282CA-62BF-4252-9E1F-D5743485E0B7}.Debug|ARM.Deploy.0 = Debug|ARM
		{888282CA-62BF-4252-9E1F-D5743485E0B7}.Debug|x64.ActiveCfg = Debug|Any CPU
		{888282CA-62BF-4252-9E1F-D5743485E0B7}.Debug|x86.ActiveCfg = Debug|x86
		{888282CA-62BF-4252-9E1F-D5743485E0B7}.Debug|x86.Build.0 = Debug|x86
		{888282CA-62BF-4252-9E1F-D5743485E0B7}.Debug|x86.Deploy.0 = Debug|x86
		{888282CA-62BF-4252-9E1F-D5743485E0B7}.Release|Any CPU.ActiveCfg = Release|Any CPU
		{888282CA-62BF-4252-9E1F-D5743485E0B7}.Release|Any CPU.Build.0 = Release|Any CPU
		{888282CA-62BF-4252-9E1F-D5743485E0B7}.Release|Any CPU.Deploy.0 = Release|Any CPU
		{888282CA-62BF-4252-9E1F-D5743485E0B7}.Release|ARM.ActiveCfg = Release|ARM
		{888282CA-62BF-4252-9E1F-D5743485E0B7}.Release|ARM.Build.0 = Release|ARM
		{888282CA-62BF-4252-9E1F-D5743485E0B7}.Release|ARM.Deploy.0 = Release|ARM
		{888282CA-62BF-4252-9E1F-D5743485E0B7}.Release|x64.ActiveCfg = Release|Any CPU
		{888282CA-62BF-4252-9E1F-D5743485E0B7}.Release|x86.ActiveCfg = Release|x86
		{888282CA-62BF-4252-9E1F-D5743485E0B7}.Release|x86.Build.0 = Release|x86
		{888282CA-62BF-4252-9E1F-D5743485E0B7}.Release|x86.Deploy.0 = Release|x86
	EndGlobalSection
	GlobalSection(SolutionProperties) = preSolution
		HideSolutionNode = FALSE
	EndGlobalSection
EndGlobal
